{
  "nodes": {
    "nix": {
      "flake": false,
      "locked": {
        "lastModified": 1787830767,
        "narHash": "sha256-scuguJdq5pg6jUaoLRXrOZQFqRiauingmi6cLheDEnA=",
        "owner": "NixOS",
        "repo": "nix",
        "rev": "02dc2f267323172d4aac61224f305497d045fd5b",
        "type": "github"
      },
      "original": {
        "owner": "NixOS",
        "ref": "2.32-maintenance",
        "repo": "nix",
        "type": "github"
      }
    },
    "nix-eval-jobs": {
      "flake": false,
      "locked": {
        "lastModified": 1760478325,
        "narHash": "sha256-hA+NOH8KDcsuvH7vJqSwk74PyZP3MtvI/l+CggZcnTc=",
        "owner": "nix-community",
        "repo": "nix-eval-jobs",
        "rev": "daa42f9e9c84aeff1e325dd50fda321f53dfd02c",
        "type": "github"
      },
      "original": {
        "owner": "nix-community",
        "ref": "v2.32.1",
        "repo": "nix-eval-jobs",
        "type": "github"
      }
    },
    "nixpkgs": {
      "locked": {
        "lastModified": 1782841183,
        "narHash": "sha256-Ndt/5R7UN4rBdhFR1lxHZZZ42cD6vGlnuxC2VvvsKE4=",
        "owner": "NixOS",
        "repo": "nixpkgs",
        "rev": "c9bfd86ed684d27e63b0ff9ebb18699f84f27a3b",
        "type": "github"
      },
      "original": {
        "owner": "NixOS",
        "ref": "nixos-25.11-small",
        "repo": "nixpkgs",
        "type": "github"
      }
    },
    "root": {
      "inputs": {
        "nix": "nix",
        "nix-eval-jobs": "nix-eval-jobs",
        "nixpkgs": "nixpkgs"
      }
    }
  },
  "root": "root",
  "version": 7
}
