{
  "nodes": {
    "nix": {
      "flake": false,
      "locked": {
        "lastModified": 1769130490,
        "narHash": "sha256-mQgueVRtWxwpwWc2ISZyFB+wI92dKVgWNqtk1TatIVQ=",
        "owner": "NixOS",
        "repo": "nix",
        "rev": "c3687f4f955e3440442f7e0fdc85cb2bd694517e",
        "type": "github"
      },
      "original": {
        "owner": "NixOS",
        "ref": "2.32-maintenance",
        "repo": "nix",
        "type": "github"
      }
    },
    "nix-eval-jobs": {
      "flake": false,
      "locked": {
        "lastModified": 1760478325,
        "narHash": "sha256-hA+NOH8KDcsuvH7vJqSwk74PyZP3MtvI/l+CggZcnTc=",
        "owner": "nix-community",
        "repo": "nix-eval-jobs",
        "rev": "daa42f9e9c84aeff1e325dd50fda321f53dfd02c",
        "type": "github"
      },
      "original": {
        "owner": "nix-community",
        "ref": "v2.32.1",
        "repo": "nix-eval-jobs",
        "type": "github"
      }
    },
    "nixpkgs": {
      "locked": {
        "lastModified": 1769373857,
        "narHash": "sha256-IVRjQyPlY4jagm2nzROHobD8lVff4m++swbJ4Q1+kTs=",
        "owner": "NixOS",
        "repo": "nixpkgs",
        "rev": "145fdb350cfaa360ff356edf6e85430b231dd5c6",
        "type": "github"
      },
      "original": {
        "owner": "NixOS",
        "ref": "nixos-25.11-small",
        "repo": "nixpkgs",
        "type": "github"
      }
    },
    "root": {
      "inputs": {
        "nix": "nix",
        "nix-eval-jobs": "nix-eval-jobs",
        "nixpkgs": "nixpkgs"
      }
    }
  },
  "root": "root",
  "version": 7
}
